
Microsoft Visual Studio Solution File, Format Version 12.00
# Visual Studio Version 17
VisualStudioVersion = 17.0.31903.59
MinimumVisualStudioVersion = 10.0.40219.1
Project("{2150E333-8FDC-42A3-9474-1A3956D46DE8}") = "src", "src", "{827E0CD3-B72D-47B6-A68D-7590B98EB39B}"
EndProject
Project("{2150E333-8FDC-42A3-9474-1A3956D46DE8}") = "building-blocks", "building-blocks", "{C13E73B6-616D-3195-CD22-1E55A7D1F969}"
EndProject
Project("{FAE04EC0-301F-11D3-BF4B-00C04F79EFBC}") = "Crm.BuildingBlocks", "src\building-blocks\Crm.BuildingBlocks\Crm.BuildingBlocks.csproj", "{2CC09CB4-F3A7-4DAF-9F44-783EEF26D0BE}"
EndProject
Project("{FAE04EC0-301F-11D3-BF4B-00C04F79EFBC}") = "Crm.Contracts", "contracts\csharp\Crm.Contracts\Crm.Contracts.csproj", "{357EDC4E-0D61-4F74-A166-DF3060D33840}"
EndProject
Project("{FAE04EC0-301F-11D3-BF4B-00C04F79EFBC}") = "Crm.Gateway", "src\gateway\Crm.Gateway\Crm.Gateway.csproj", "{88BD952D-2690-4778-9FFC-303FE0F57CB7}"
EndProject
Project("{FAE04EC0-301F-11D3-BF4B-00C04F79EFBC}") = "Crm.Identity.Api", "src\services\identity\Crm.Identity.Api\Crm.Identity.Api.csproj", "{81AACDF2-3BC1-40D9-B968-82C584630252}"
EndProject
Project("{FAE04EC0-301F-11D3-BF4B-00C04F79EFBC}") = "Crm.Customers.Api", "src\services\customers\Crm.Customers.Api\Crm.Customers.Api.csproj", "{B289D4E1-A6E4-4653-89EA-934756E92215}"
EndProject
Project("{FAE04EC0-301F-11D3-BF4B-00C04F79EFBC}") = "Crm.Tickets.Api", "src\services\tickets\Crm.Tickets.Api\Crm.Tickets.Api.csproj", "{5B60C575-AC32-45A3-9CF2-425B3165D14B}"
EndProject
Project("{FAE04EC0-301F-11D3-BF4B-00C04F79EFBC}") = "Crm.Customers.Api.Tests", "tests\Crm.Customers.Api.Tests\Crm.Customers.Api.Tests.csproj", "{5E75ADC3-5324-44BE-A122-F6E45A456381}"
EndProject
Project("{2150E333-8FDC-42A3-9474-1A3956D46DE8}") = "tests", "tests", "{0AB3BF05-4346-4AA6-1389-037BE0695223}"
EndProject
Project("{FAE04EC0-301F-11D3-BF4B-00C04F79EFBC}") = "Crm.Tickets.Api.Tests", "tests\Crm.Tickets.Api.Tests\Crm.Tickets.Api.Tests.csproj", "{E955DCF2-85A8-4F6B-895C-84DF8F5EC549}"
EndProject
Project("{FAE04EC0-301F-11D3-BF4B-00C04F79EFBC}") = "Crm.Identity.Api.Tests", "tests\Crm.Identity.Api.Tests\Crm.Identity.Api.Tests.csproj", "{6F298902-743A-42E2-9091-2A9CC8B87577}"
EndProject
Project("{2150E333-8FDC-42A3-9474-1A3956D46DE8}") = "services", "services", "{984BB9B3-3FA3-BE33-9484-CAC21695A33C}"
EndProject
Project("{2150E333-8FDC-42A3-9474-1A3956D46DE8}") = "sla", "sla", "{8CBFCEDD-12A1-7C6E-4238-03B42F8D783E}"
EndProject
Project("{FAE04EC0-301F-11D3-BF4B-00C04F79EFBC}") = "Crm.Sla.Api", "src\services\sla\Crm.Sla.Api\Crm.Sla.Api.csproj", "{F9291668-4383-487E-875A-BBF29D4AD9E0}"
EndProject
Project("{FAE04EC0-301F-11D3-BF4B-00C04F79EFBC}") = "Crm.Sla.Api.Tests", "tests\Crm.Sla.Api.Tests\Crm.Sla.Api.Tests.csproj", "{77DE4A90-E4B3-46A7-836E-75E4A6E7EC61}"
EndProject
Global
	GlobalSection(SolutionConfigurationPlatforms) = preSolution
		Debug|Any CPU = Debug|Any CPU
		Debug|x64 = Debug|x64
		Debug|x86 = Debug|x86
		Release|Any CPU = Release|Any CPU
		Release|x64 = Release|x64
		Release|x86 = Release|x86
	EndGlobalSection
	GlobalSection(ProjectConfigurationPlatforms) = postSolution
		{2CC09CB4-F3A7-4DAF-9F44-783EEF26D0BE}.Debug|Any CPU.ActiveCfg = Debug|Any CPU
		{2CC09CB4-F3A7-4DAF-9F44-783EEF26D0BE}.Debug|Any CPU.Build.0 = Debug|Any CPU
		{2CC09CB4-F3A7-4DAF-9F44-783EEF26D0BE}.Debug|x64.ActiveCfg = Debug|Any CPU
		{2CC09CB4-F3A7-4DAF-9F44-783EEF26D0BE}.Debug|x64.Build.0 = Debug|Any CPU
		{2CC09CB4-F3A7-4DAF-9F44-783EEF26D0BE}.Debug|x86.ActiveCfg = Debug|Any CPU
		{2CC09CB4-F3A7-4DAF-9F44-783EEF26D0BE}.Debug|x86.Build.0 = Debug|Any CPU
		{2CC09CB4-F3A7-4DAF-9F44-783EEF26D0BE}.Release|Any CPU.ActiveCfg = Release|Any CPU
		{2CC09CB4-F3A7-4DAF-9F44-783EEF26D0BE}.Release|Any CPU.Build.0 = Release|Any CPU
		{2CC09CB4-F3A7-4DAF-9F44-783EEF26D0BE}.Release|x64.ActiveCfg = Release|Any CPU
		{2CC09CB4-F3A7-4DAF-9F44-783EEF26D0BE}.Release|x64.Build.0 = Release|Any CPU
		{2CC09CB4-F3A7-4DAF-9F44-783EEF26D0BE}.Release|x86.ActiveCfg = Release|Any CPU
		{2CC09CB4-F3A7-4DAF-9F44-783EEF26D0BE}.Release|x86.Build.0 = Release|Any CPU
		{357EDC4E-0D61-4F74-A166-DF3060D33840}.Debug|Any CPU.ActiveCfg = Debug|Any CPU
		{357EDC4E-0D61-4F74-A166-DF3060D33840}.Debug|Any CPU.Build.0 = Debug|Any CPU
		{357EDC4E-0D61-4F74-A166-DF3060D33840}.Debug|x64.ActiveCfg = Debug|Any CPU
		{357EDC4E-0D61-4F74-A166-DF3060D33840}.Debug|x64.Build.0 = Debug|Any CPU
		{357EDC4E-0D61-4F74-A166-DF3060D33840}.Debug|x86.ActiveCfg = Debug|Any CPU
		{357EDC4E-0D61-4F74-A166-DF3060D33840}.Debug|x86.Build.0 = Debug|Any CPU
		{357EDC4E-0D61-4F74-A166-DF3060D33840}.Release|Any CPU.ActiveCfg = Release|Any CPU
		{357EDC4E-0D61-4F74-A166-DF3060D33840}.Release|Any CPU.Build.0 = Release|Any CPU
		{357EDC4E-0D61-4F74-A166-DF3060D33840}.Release|x64.ActiveCfg = Release|Any CPU
		{357EDC4E-0D61-4F74-A166-DF3060D33840}.Release|x64.Build.0 = Release|Any CPU
		{357EDC4E-0D61-4F74-A166-DF3060D33840}.Release|x86.ActiveCfg = Release|Any CPU
		{357EDC4E-0D61-4F74-A166-DF3060D33840}.Release|x86.Build.0 = Release|Any CPU
		{88BD952D-2690-4778-9FFC-303FE0F57CB7}.Debug|Any CPU.ActiveCfg = Debug|Any CPU
		{88BD952D-2690-4778-9FFC-303FE0F57CB7}.Debug|Any CPU.Build.0 = Debug|Any CPU
		{88BD952D-2690-4778-9FFC-303FE0F57CB7}.Debug|x64.ActiveCfg = Debug|Any CPU
		{88BD952D-2690-4778-9FFC-303FE0F57CB7}.Debug|x64.Build.0 = Debug|Any CPU
		{88BD952D-2690-4778-9FFC-303FE0F57CB7}.Debug|x86.ActiveCfg = Debug|Any CPU
		{88BD952D-2690-4778-9FFC-303FE0F57CB7}.Debug|x86.Build.0 = Debug|Any CPU
		{88BD952D-2690-4778-9FFC-303FE0F57CB7}.Release|Any CPU.ActiveCfg = Release|Any CPU
		{88BD952D-2690-4778-9FFC-303FE0F57CB7}.Release|Any CPU.Build.0 = Release|Any CPU
		{88BD952D-2690-4778-9FFC-303FE0F57CB7}.Release|x64.ActiveCfg = Release|Any CPU
		{88BD952D-2690-4778-9FFC-303FE0F57CB7}.Release|x64.Build.0 = Release|Any CPU
		{88BD952D-2690-4778-9FFC-303FE0F57CB7}.Release|x86.ActiveCfg = Release|Any CPU
		{88BD952D-2690-4778-9FFC-303FE0F57CB7}.Release|x86.Build.0 = Release|Any CPU
		{81AACDF2-3BC1-40D9-B968-82C584630252}.Debug|Any CPU.ActiveCfg = Debug|Any CPU
		{81AACDF2-3BC1-40D9-B968-82C584630252}.Debug|Any CPU.Build.0 = Debug|Any CPU
		{81AACDF2-3BC1-40D9-B968-82C584630252}.Debug|x64.ActiveCfg = Debug|Any CPU
		{81AACDF2-3BC1-40D9-B968-82C584630252}.Debug|x64.Build.0 = Debug|Any CPU
		{81AACDF2-3BC1-40D9-B968-82C584630252}.Debug|x86.ActiveCfg = Debug|Any CPU
		{81AACDF2-3BC1-40D9-B968-82C584630252}.Debug|x86.Build.0 = Debug|Any CPU
		{81AACDF2-3BC1-40D9-B968-82C584630252}.Release|Any CPU.ActiveCfg = Release|Any CPU
		{81AACDF2-3BC1-40D9-B968-82C584630252}.Release|Any CPU.Build.0 = Release|Any CPU
		{81AACDF2-3BC1-40D9-B968-82C584630252}.Release|x64.ActiveCfg = Release|Any CPU
		{81AACDF2-3BC1-40D9-B968-82C584630252}.Release|x64.Build.0 = Release|Any CPU
		{81AACDF2-3BC1-40D9-B968-82C584630252}.Release|x86.ActiveCfg = Release|Any CPU
		{81AACDF2-3BC1-40D9-B968-82C584630252}.Release|x86.Build.0 = Release|Any CPU
		{B289D4E1-A6E4-4653-89EA-934756E92215}.Debug|Any CPU.ActiveCfg = Debug|Any CPU
		{B289D4E1-A6E4-4653-89EA-934756E92215}.Debug|Any CPU.Build.0 = Debug|Any CPU
		{B289D4E1-A6E4-4653-89EA-934756E92215}.Debug|x64.ActiveCfg = Debug|Any CPU
		{B289D4E1-A6E4-4653-89EA-934756E92215}.Debug|x64.Build.0 = Debug|Any CPU
		{B289D4E1-A6E4-4653-89EA-934756E92215}.Debug|x86.ActiveCfg = Debug|Any CPU
		{B289D4E1-A6E4-4653-89EA-934756E92215}.Debug|x86.Build.0 = Debug|Any CPU
		{B289D4E1-A6E4-4653-89EA-934756E92215}.Release|Any CPU.ActiveCfg = Release|Any CPU
		{B289D4E1-A6E4-4653-89EA-934756E92215}.Release|Any CPU.Build.0 = Release|Any CPU
		{B289D4E1-A6E4-4653-89EA-934756E92215}.Release|x64.ActiveCfg = Release|Any CPU
		{B289D4E1-A6E4-4653-89EA-934756E92215}.Release|x64.Build.0 = Release|Any CPU
		{B289D4E1-A6E4-4653-89EA-934756E92215}.Release|x86.ActiveCfg = Release|Any CPU
		{B289D4E1-A6E4-4653-89EA-934756E92215}.Release|x86.Build.0 = Release|Any CPU
		{5B60C575-AC32-45A3-9CF2-425B3165D14B}.Debug|Any CPU.ActiveCfg = Debug|Any CPU
		{5B60C575-AC32-45A3-9CF2-425B3165D14B}.Debug|Any CPU.Build.0 = Debug|Any CPU
		{5B60C575-AC32-45A3-9CF2-425B3165D14B}.Debug|x64.ActiveCfg = Debug|Any CPU
		{5B60C575-AC32-45A3-9CF2-425B3165D14B}.Debug|x64.Build.0 = Debug|Any CPU
		{5B60C575-AC32-45A3-9CF2-425B3165D14B}.Debug|x86.ActiveCfg = Debug|Any CPU
		{5B60C575-AC32-45A3-9CF2-425B3165D14B}.Debug|x86.Build.0 = Debug|Any CPU
		{5B60C575-AC32-45A3-9CF2-425B3165D14B}.Release|Any CPU.ActiveCfg = Release|Any CPU
		{5B60C575-AC32-45A3-9CF2-425B3165D14B}.Release|Any CPU.Build.0 = Release|Any CPU
		{5B60C575-AC32-45A3-9CF2-425B3165D14B}.Release|x64.ActiveCfg = Release|Any CPU
		{5B60C575-AC32-45A3-9CF2-425B3165D14B}.Release|x64.Build.0 = Release|Any CPU
		{5B60C575-AC32-45A3-9CF2-425B3165D14B}.Release|x86.ActiveCfg = Release|Any CPU
		{5B60C575-AC32-45A3-9CF2-425B3165D14B}.Release|x86.Build.0 = Release|Any CPU
		{5E75ADC3-5324-44BE-A122-F6E45A456381}.Debug|Any CPU.ActiveCfg = Debug|Any CPU
		{5E75ADC3-5324-44BE-A122-F6E45A456381}.Debug|Any CPU.Build.0 = Debug|Any CPU
		{5E75ADC3-5324-44BE-A122-F6E45A456381}.Debug|x64.ActiveCfg = Debug|Any CPU
		{5E75ADC3-5324-44BE-A122-F6E45A456381}.Debug|x64.Build.0 = Debug|Any CPU
		{5E75ADC3-5324-44BE-A122-F6E45A456381}.Debug|x86.ActiveCfg = Debug|Any CPU
		{5E75ADC3-5324-44BE-A122-F6E45A456381}.Debug|x86.Build.0 = Debug|Any CPU
		{5E75ADC3-5324-44BE-A122-F6E45A456381}.Release|Any CPU.ActiveCfg = Release|Any CPU
		{5E75ADC3-5324-44BE-A122-F6E45A456381}.Release|Any CPU.Build.0 = Release|Any CPU
		{5E75ADC3-5324-44BE-A122-F6E45A456381}.Release|x64.ActiveCfg = Release|Any CPU
		{5E75ADC3-5324-44BE-A122-F6E45A456381}.Release|x64.Build.0 = Release|Any CPU
		{5E75ADC3-5324-44BE-A122-F6E45A456381}.Release|x86.ActiveCfg = Release|Any CPU
		{5E75ADC3-5324-44BE-A122-F6E45A456381}.Release|x86.Build.0 = Release|Any CPU
		{E955DCF2-85A8-4F6B-895C-84DF8F5EC549}.Debug|Any CPU.ActiveCfg = Debug|Any CPU
		{E955DCF2-85A8-4F6B-895C-84DF8F5EC549}.Debug|Any CPU.Build.0 = Debug|Any CPU
		{E955DCF2-85A8-4F6B-895C-84DF8F5EC549}.Debug|x64.ActiveCfg = Debug|Any CPU
		{E955DCF2-85A8-4F6B-895C-84DF8F5EC549}.Debug|x64.Build.0 = Debug|Any CPU
		{E955DCF2-85A8-4F6B-895C-84DF8F5EC549}.Debug|x86.ActiveCfg = Debug|Any CPU
		{E955DCF2-85A8-4F6B-895C-84DF8F5EC549}.Debug|x86.Build.0 = Debug|Any CPU
		{E955DCF2-85A8-4F6B-895C-84DF8F5EC549}.Release|Any CPU.ActiveCfg = Release|Any CPU
		{E955DCF2-85A8-4F6B-895C-84DF8F5EC549}.Release|Any CPU.Build.0 = Release|Any CPU
		{E955DCF2-85A8-4F6B-895C-84DF8F5EC549}.Release|x64.ActiveCfg = Release|Any CPU
		{E955DCF2-85A8-4F6B-895C-84DF8F5EC549}.Release|x64.Build.0 = Release|Any CPU
		{E955DCF2-85A8-4F6B-895C-84DF8F5EC549}.Release|x86.ActiveCfg = Release|Any CPU
		{E955DCF2-85A8-4F6B-895C-84DF8F5EC549}.Release|x86.Build.0 = Release|Any CPU
		{6F298902-743A-42E2-9091-2A9CC8B87577}.Debug|Any CPU.ActiveCfg = Debug|Any CPU
		{6F298902-743A-42E2-9091-2A9CC8B87577}.Debug|Any CPU.Build.0 = Debug|Any CPU
		{6F298902-743A-42E2-9091-2A9CC8B87577}.Debug|x64.ActiveCfg = Debug|Any CPU
		{6F298902-743A-42E2-9091-2A9CC8B87577}.Debug|x64.Build.0 = Debug|Any CPU
		{6F298902-743A-42E2-9091-2A9CC8B87577}.Debug|x86.ActiveCfg = Debug|Any CPU
		{6F298902-743A-42E2-9091-2A9CC8B87577}.Debug|x86.Build.0 = Debug|Any CPU
		{6F298902-743A-42E2-9091-2A9CC8B87577}.Release|Any CPU.ActiveCfg = Release|Any CPU
		{6F298902-743A-42E2-9091-2A9CC8B87577}.Release|Any CPU.Build.0 = Release|Any CPU
		{6F298902-743A-42E2-9091-2A9CC8B87577}.Release|x64.ActiveCfg = Release|Any CPU
		{6F298902-743A-42E2-9091-2A9CC8B87577}.Release|x64.Build.0 = Release|Any CPU
		{6F298902-743A-42E2-9091-2A9CC8B87577}.Release|x86.ActiveCfg = Release|Any CPU
		{6F298902-743A-42E2-9091-2A9CC8B87577}.Release|x86.Build.0 = Release|Any CPU
		{F9291668-4383-487E-875A-BBF29D4AD9E0}.Debug|Any CPU.ActiveCfg = Debug|Any CPU
		{F9291668-4383-487E-875A-BBF29D4AD9E0}.Debug|Any CPU.Build.0 = Debug|Any CPU
		{F9291668-4383-487E-875A-BBF29D4AD9E0}.Debug|x64.ActiveCfg = Debug|Any CPU
		{F9291668-4383-487E-875A-BBF29D4AD9E0}.Debug|x64.Build.0 = Debug|Any CPU
		{F9291668-4383-487E-875A-BBF29D4AD9E0}.Debug|x86.ActiveCfg = Debug|Any CPU
		{F9291668-4383-487E-875A-BBF29D4AD9E0}.Debug|x86.Build.0 = Debug|Any CPU
		{F9291668-4383-487E-875A-BBF29D4AD9E0}.Release|Any CPU.ActiveCfg = Release|Any CPU
		{F9291668-4383-487E-875A-BBF29D4AD9E0}.Release|Any CPU.Build.0 = Release|Any CPU
		{F9291668-4383-487E-875A-BBF29D4AD9E0}.Release|x64.ActiveCfg = Release|Any CPU
		{F9291668-4383-487E-875A-BBF29D4AD9E0}.Release|x64.Build.0 = Release|Any CPU
		{F9291668-4383-487E-875A-BBF29D4AD9E0}.Release|x86.ActiveCfg = Release|Any CPU
		{F9291668-4383-487E-875A-BBF29D4AD9E0}.Release|x86.Build.0 = Release|Any CPU
		{77DE4A90-E4B3-46A7-836E-75E4A6E7EC61}.Debug|Any CPU.ActiveCfg = Debug|Any CPU
		{77DE4A90-E4B3-46A7-836E-75E4A6E7EC61}.Debug|Any CPU.Build.0 = Debug|Any CPU
		{77DE4A90-E4B3-46A7-836E-75E4A6E7EC61}.Debug|x64.ActiveCfg = Debug|Any CPU
		{77DE4A90-E4B3-46A7-836E-75E4A6E7EC61}.Debug|x64.Build.0 = Debug|Any CPU
		{77DE4A90-E4B3-46A7-836E-75E4A6E7EC61}.Debug|x86.ActiveCfg = Debug|Any CPU
		{77DE4A90-E4B3-46A7-836E-75E4A6E7EC61}.Debug|x86.Build.0 = Debug|Any CPU
		{77DE4A90-E4B3-46A7-836E-75E4A6E7EC61}.Release|Any CPU.ActiveCfg = Release|Any CPU
		{77DE4A90-E4B3-46A7-836E-75E4A6E7EC61}.Release|Any CPU.Build.0 = Release|Any CPU
		{77DE4A90-E4B3-46A7-836E-75E4A6E7EC61}.Release|x64.ActiveCfg = Release|Any CPU
		{77DE4A90-E4B3-46A7-836E-75E4A6E7EC61}.Release|x64.Build.0 = Release|Any CPU
		{77DE4A90-E4B3-46A7-836E-75E4A6E7EC61}.Release|x86.ActiveCfg = Release|Any CPU
		{77DE4A90-E4B3-46A7-836E-75E4A6E7EC61}.Release|x86.Build.0 = Release|Any CPU
	EndGlobalSection
	GlobalSection(SolutionProperties) = preSolution
		HideSolutionNode = FALSE
	EndGlobalSection
	GlobalSection(NestedProjects) = preSolution
		{C13E73B6-616D-3195-CD22-1E55A7D1F969} = {827E0CD3-B72D-47B6-A68D-7590B98EB39B}
		{2CC09CB4-F3A7-4DAF-9F44-783EEF26D0BE} = {C13E73B6-616D-3195-CD22-1E55A7D1F969}
		{357EDC4E-0D61-4F74-A166-DF3060D33840} = {C13E73B6-616D-3195-CD22-1E55A7D1F969}
		{88BD952D-2690-4778-9FFC-303FE0F57CB7} = {C13E73B6-616D-3195-CD22-1E55A7D1F969}
		{81AACDF2-3BC1-40D9-B968-82C584630252} = {C13E73B6-616D-3195-CD22-1E55A7D1F969}
		{B289D4E1-A6E4-4653-89EA-934756E92215} = {C13E73B6-616D-3195-CD22-1E55A7D1F969}
		{5B60C575-AC32-45A3-9CF2-425B3165D14B} = {C13E73B6-616D-3195-CD22-1E55A7D1F969}
		{5E75ADC3-5324-44BE-A122-F6E45A456381} = {C13E73B6-616D-3195-CD22-1E55A7D1F969}
		{E955DCF2-85A8-4F6B-895C-84DF8F5EC549} = {0AB3BF05-4346-4AA6-1389-037BE0695223}
		{6F298902-743A-42E2-9091-2A9CC8B87577} = {0AB3BF05-4346-4AA6-1389-037BE0695223}
		{984BB9B3-3FA3-BE33-9484-CAC21695A33C} = {827E0CD3-B72D-47B6-A68D-7590B98EB39B}
		{8CBFCEDD-12A1-7C6E-4238-03B42F8D783E} = {984BB9B3-3FA3-BE33-9484-CAC21695A33C}
		{F9291668-4383-487E-875A-BBF29D4AD9E0} = {8CBFCEDD-12A1-7C6E-4238-03B42F8D783E}
		{77DE4A90-E4B3-46A7-836E-75E4A6E7EC61} = {0AB3BF05-4346-4AA6-1389-037BE0695223}
	EndGlobalSection
EndGlobal
